apiVersion: vendir.k14s.io/v1alpha1
directories:
- contents:
  - git:
      commitTitle: Add package templates Antrea 0.13.3 (#953)...
      sha: df9a9cdea9886f1f5cc2856994739539cd5c5663
      tags:
      - v0.7.0-dev.1-56-gdf9a9cd
    path: .
  path: ytt/vendir/vsphere_cpi/_ytt_lib
- contents:
  - git:
      commitTitle: Add package templates Antrea 0.13.3 (#953)...
      sha: df9a9cdea9886f1f5cc2856994739539cd5c5663
      tags:
      - v0.7.0-dev.1-56-gdf9a9cd
    path: .
  path: ytt/vendir/cni/_ytt_lib
- contents:
  - git:
      commitTitle: Add package templates Antrea 0.13.3 (#953)...
      sha: df9a9cdea9886f1f5cc2856994739539cd5c5663
      tags:
      - v0.7.0-dev.1-56-gdf9a9cd
    path: .
  path: ytt/vendir/kapp-controller/_ytt_lib
kind: LockConfig
